// !$*UTF8*$!
{
	archiveVersion = 1;
	classes = {
	};
	objectVersion = 50;
	objects = {

/* Begin PBXBuildFile section */
		4F1C3F8D24D2606100561B2F /* NetworkApi.m in Sources */ = {isa = PBXBuildFile; fileRef = 4F2B07FF24CA87680028286E /* NetworkApi.m */; };
		4F2B07F924CA778D0028286E /* main.m in Sources */ = {isa = PBXBuildFile; fileRef = 4F2B07F824CA778D0028286E /* main.m */; };
		4F2B081124CA8E4D0028286E /* TagModel.m in Sources */ = {isa = PBXBuildFile; fileRef = 4F2B081024CA8E4D0028286E /* TagModel.m */; };
		4F2B081224CACAA80028286E /* NSObject+YYModel.m in Sources */ = {isa = PBXBuildFile; fileRef = 4F2B080424CA8DD40028286E /* NSObject+YYModel.m */; };
		4F2B081324CACAA80028286E /* YYClassInfo.m in Sources */ = {isa = PBXBuildFile; fileRef = 4F2B080524CA8DD40028286E /* YYClassInfo.m */; };
/* End PBXBuildFile section */

/* Begin PBXCopyFilesBuildPhase section */
		4F2B07F324CA778D0028286E /* CopyFiles */ = {
			isa = PBXCopyFilesBuildPhase;
			buildActionMask = 2147483647;
			dstPath = /usr/share/man/man1/;
			dstSubfolderSpec = 0;
			files = (
			);
			runOnlyForDeploymentPostprocessing = 1;
		};
/* End PBXCopyFilesBuildPhase section */

/* Begin PBXFileReference section */
		4F2B07F524CA778D0028286E /* GetSwagger */ = {isa = PBXFileReference; explicitFileType = "compiled.mach-o.executable"; includeInIndex = 0; path = GetSwagger; sourceTree = BUILT_PRODUCTS_DIR; };
		4F2B07F824CA778D0028286E /* main.m */ = {isa = PBXFileReference; lastKnownFileType = sourcecode.c.objc; path = main.m; sourceTree = "<group>"; };
		4F2B07FF24CA87680028286E /* NetworkApi.m */ = {isa = PBXFileReference; lastKnownFileType = sourcecode.c.objc; path = NetworkApi.m; sourceTree = "<group>"; };
		4F2B080124CA87790028286E /* NetworkApi.h */ = {isa = PBXFileReference; lastKnownFileType = sourcecode.c.h; path = NetworkApi.h; sourceTree = "<group>"; };
		4F2B080324CA8DD40028286E /* YYClassInfo.h */ = {isa = PBXFileReference; lastKnownFileType = sourcecode.c.h; path = YYClassInfo.h; sourceTree = "<group>"; };
		4F2B080424CA8DD40028286E /* NSObject+YYModel.m */ = {isa = PBXFileReference; lastKnownFileType = sourcecode.c.objc; path = "NSObject+YYModel.m"; sourceTree = "<group>"; };
		4F2B080524CA8DD40028286E /* YYClassInfo.m */ = {isa = PBXFileReference; lastKnownFileType = sourcecode.c.objc; path = YYClassInfo.m; sourceTree = "<group>"; };
		4F2B080624CA8DD40028286E /* NSObject+YYModel.h */ = {isa = PBXFileReference; lastKnownFileType = sourcecode.c.h; path = "NSObject+YYModel.h"; sourceTree = "<group>"; };
		4F2B080F24CA8E4D0028286E /* TagModel.h */ = {isa = PBXFileReference; fileEncoding = 4; lastKnownFileType = sourcecode.c.h; path = TagModel.h; sourceTree = "<group>"; };
		4F2B081024CA8E4D0028286E /* TagModel.m */ = {isa = PBXFileReference; fileEncoding = 4; lastKnownFileType = sourcecode.c.objc; path = TagModel.m; sourceTree = "<group>"; };
		4F4B019F24D82B5D00DFA021 /* swagger.txt */ = {isa = PBXFileReference; lastKnownFileType = text; path = swagger.txt; sourceTree = "<group>"; };
/* End PBXFileReference section */

/* Begin PBXFrameworksBuildPhase section */
		4F2B07F224CA778D0028286E /* Frameworks */ = {
			isa = PBXFrameworksBuildPhase;
			buildActionMask = 2147483647;
			files = (
			);
			runOnlyForDeploymentPostprocessing = 0;
		};
/* End PBXFrameworksBuildPhase section */

/* Begin PBXGroup section */
		4F2B07EC24CA778D0028286E = {
			isa = PBXGroup;
			children = (
				4F2B07F724CA778D0028286E /* GetSwagger */,
				4F2B07F624CA778D0028286E /* Products */,
				A91078A8D00B385834A15275 /* Frameworks */,
			);
			sourceTree = "<group>";
		};
		4F2B07F624CA778D0028286E /* Products */ = {
			isa = PBXGroup;
			children = (
				4F2B07F524CA778D0028286E /* GetSwagger */,
			);
			name = Products;
			sourceTree = "<group>";
		};
		4F2B07F724CA778D0028286E /* GetSwagger */ = {
			isa = PBXGroup;
			children = (
				4F2B080E24CA8E4D0028286E /* model */,
				4F2B080224CA8DD40028286E /* yymodel */,
				4F2B07F824CA778D0028286E /* main.m */,
				4F4B019F24D82B5D00DFA021 /* swagger.txt */,
				4F2B07FF24CA87680028286E /* NetworkApi.m */,
				4F2B080124CA87790028286E /* NetworkApi.h */,
			);
			path = GetSwagger;
			sourceTree = "<group>";
		};
		4F2B080224CA8DD40028286E /* yymodel */ = {
			isa = PBXGroup;
			children = (
				4F2B080624CA8DD40028286E /* NSObject+YYModel.h */,
				4F2B080424CA8DD40028286E /* NSObject+YYModel.m */,
				4F2B080324CA8DD40028286E /* YYClassInfo.h */,
				4F2B080524CA8DD40028286E /* YYClassInfo.m */,
			);
			path = yymodel;
			sourceTree = "<group>";
		};
		4F2B080E24CA8E4D0028286E /* model */ = {
			isa = PBXGroup;
			children = (
				4F2B080F24CA8E4D0028286E /* TagModel.h */,
				4F2B081024CA8E4D0028286E /* TagModel.m */,
			);
			path = model;
			sourceTree = "<group>";
		};
		A91078A8D00B385834A15275 /* Frameworks */ = {
			isa = PBXGroup;
			children = (
			);
			name = Frameworks;
			sourceTree = "<group>";
		};
/* End PBXGroup section */

/* Begin PBXNativeTarget section */
		4F2B07F424CA778D0028286E /* GetSwagger */ = {
			isa = PBXNativeTarget;
			buildConfigurationList = 4F2B07FC24CA778D0028286E /* Build configuration list for PBXNativeTarget "GetSwagger" */;
			buildPhases = (
				F4865FC46DB43C3BC7083EA6 /* [CP] Check Pods Manifest.lock */,
				4F2B07F124CA778D0028286E /* Sources */,
				4F2B07F224CA778D0028286E /* Frameworks */,
				4F2B07F324CA778D0028286E /* CopyFiles */,
			);
			buildRules = (
			);
			dependencies = (
			);
			name = GetSwagger;
			productName = GetSwagger;
			productReference = 4F2B07F524CA778D0028286E /* GetSwagger */;
			productType = "com.apple.product-type.tool";
		};
/* End PBXNativeTarget section */

/* Begin PBXProject section */
		4F2B07ED24CA778D0028286E /* Project object */ = {
			isa = PBXProject;
			attributes = {
				LastUpgradeCheck = 1160;
				ORGANIZATIONNAME = delims;
				TargetAttributes = {
					4F2B07F424CA778D0028286E = {
						CreatedOnToolsVersion = 11.6;
					};
				};
			};
			buildConfigurationList = 4F2B07F024CA778D0028286E /* Build configuration list for PBXProject "GetSwagger" */;
			compatibilityVersion = "Xcode 9.3";
			developmentRegion = en;
			hasScannedForEncodings = 0;
			knownRegions = (
				en,
				Base,
			);
			mainGroup = 4F2B07EC24CA778D0028286E;
			productRefGroup = 4F2B07F624CA778D0028286E /* Products */;
			projectDirPath = "";
			projectRoot = "";
			targets = (
				4F2B07F424CA778D0028286E /* GetSwagger */,
			);
		};
/* End PBXProject section */

/* Begin PBXShellScriptBuildPhase section */
		F4865FC46DB43C3BC7083EA6 /* [CP] Check Pods Manifest.lock */ = {
			isa = PBXShellScriptBuildPhase;
			buildActionMask = 2147483647;
			files = (
			);
			inputFileListPaths = (
			);
			inputPaths = (
				"${PODS_PODFILE_DIR_PATH}/Podfile.lock",
				"${PODS_ROOT}/Manifest.lock",
			);
			name = "[CP] Check Pods Manifest.lock";
			outputFileListPaths = (
			);
			outputPaths = (
				"$(DERIVED_FILE_DIR)/Pods-GetSwagger-checkManifestLockResult.txt",
			);
			runOnlyForDeploymentPostprocessing = 0;
			shellPath = /bin/sh;
			shellScript = "
";
			showEnvVarsInLog = 0;
		};
/* End PBXShellScriptBuildPhase section */

/* Begin PBXSourcesBuildPhase section */
		4F2B07F124CA778D0028286E /* Sources */ = {
			isa = PBXSourcesBuildPhase;
			buildActionMask = 2147483647;
			files = (
				4F1C3F8D24D2606100561B2F /* NetworkApi.m in Sources */,
				4F2B081224CACAA80028286E /* NSObject+YYModel.m in Sources */,
				4F2B081324CACAA80028286E /* YYClassInfo.m in Sources */,
				4F2B081124CA8E4D0028286E /* TagModel.m in Sources */,
				4F2B07F924CA778D0028286E /* main.m in Sources */,
			);
			runOnlyForDeploymentPostprocessing = 0;
		};
/* End PBXSourcesBuildPhase section */

/* Begin XCBuildConfiguration section */
		4F2B07FA24CA778D0028286E /* Debug */ = {
			isa = XCBuildConfiguration;
			buildSettings = {
				ALWAYS_SEARCH_USER_PATHS = NO;
				CLANG_ANALYZER_NONNULL = YES;
				CLANG_ANALYZER_NUMBER_OBJECT_CONVERSION = YES_AGGRESSIVE;
				CLANG_CXX_LANGUAGE_STANDARD = "gnu++14";
				CLANG_CXX_LIBRARY = "libc++";
				CLANG_ENABLE_MODULES = YES;
				CLANG_ENABLE_OBJC_ARC = YES;
				CLANG_ENABLE_OBJC_WEAK = YES;
				CLANG_WARN_BLOCK_CAPTURE_AUTORELEASING = YES;
				CLANG_WARN_BOOL_CONVERSION = YES;
				CLANG_WARN_COMMA = YES;
				CLANG_WARN_CONSTANT_CONVERSION = YES;
				CLANG_WARN_DEPRECATED_OBJC_IMPLEMENTATIONS = YES;
				CLANG_WARN_DIRECT_OBJC_ISA_USAGE = YES_ERROR;
				CLANG_WARN_DOCUMENTATION_COMMENTS = YES;
				CLANG_WARN_EMPTY_BODY = YES;
				CLANG_WARN_ENUM_CONVERSION = YES;
				CLANG_WARN_INFINITE_RECURSION = YES;
				CLANG_WARN_INT_CONVERSION = YES;
				CLANG_WARN_NON_LITERAL_NULL_CONVERSION = YES;
				CLANG_WARN_OBJC_IMPLICIT_RETAIN_SELF = YES;
				CLANG_WARN_OBJC_LITERAL_CONVERSION = YES;
				CLANG_WARN_OBJC_ROOT_CLASS = YES_ERROR;
				CLANG_WARN_RANGE_LOOP_ANALYSIS = YES;
				CLANG_WARN_STRICT_PROTOTYPES = YES;
				CLANG_WARN_SUSPICIOUS_MOVE = YES;
				CLANG_WARN_UNGUARDED_AVAILABILITY = YES_AGGRESSIVE;
				CLANG_WARN_UNREACHABLE_CODE = YES;
				CLANG_WARN__DUPLICATE_METHOD_MATCH = YES;
				COPY_PHASE_STRIP = NO;
				DEBUG_INFORMATION_FORMAT = dwarf;
				ENABLE_STRICT_OBJC_MSGSEND = YES;
				ENABLE_TESTABILITY = YES;
				GCC_C_LANGUAGE_STANDARD = gnu11;
				GCC_DYNAMIC_NO_PIC = NO;
				GCC_NO_COMMON_BLOCKS = YES;
				GCC_OPTIMIZATION_LEVEL = 0;
				GCC_PREPROCESSOR_DEFINITIONS = (
					"DEBUG=1",
					"$(inherited)",
				);
				GCC_WARN_64_TO_32_BIT_CONVERSION = YES;
				GCC_WARN_ABOUT_RETURN_TYPE = YES_ERROR;
				GCC_WARN_UNDECLARED_SELECTOR = YES;
				GCC_WARN_UNINITIALIZED_AUTOS = YES_AGGRESSIVE;
				GCC_WARN_UNUSED_FUNCTION = YES;
				GCC_WARN_UNUSED_VARIABLE = YES;
				MACOSX_DEPLOYMENT_TARGET = 10.15;
				MTL_ENABLE_DEBUG_INFO = INCLUDE_SOURCE;
				MTL_FAST_MATH = YES;
				ONLY_ACTIVE_ARCH = YES;
				SDKROOT = macosx;
			};
			name = Debug;
		};
		4F2B07FB24CA778D0028286E /* Release */ = {
			isa = XCBuildConfiguration;
			buildSettings = {
				ALWAYS_SEARCH_USER_PATHS = NO;
				CLANG_ANALYZER_NONNULL = YES;
				CLANG_ANALYZER_NUMBER_OBJECT_CONVERSION = YES_AGGRESSIVE;
				CLANG_CXX_LANGUAGE_STANDARD = "gnu++14";
				CLANG_CXX_LIBRARY = "libc++";
				CLANG_ENABLE_MODULES = YES;
				CLANG_ENABLE_OBJC_ARC = YES;
				CLANG_ENABLE_OBJC_WEAK = YES;
				CLANG_WARN_BLOCK_CAPTURE_AUTORELEASING = YES;
				CLANG_WARN_BOOL_CONVERSION = YES;
				CLANG_WARN_COMMA = YES;
				CLANG_WARN_CONSTANT_CONVERSION = YES;
				CLANG_WARN_DEPRECATED_OBJC_IMPLEMENTATIONS = YES;
				CLANG_WARN_DIRECT_OBJC_ISA_USAGE = YES_ERROR;
				CLANG_WARN_DOCUMENTATION_COMMENTS = YES;
				CLANG_WARN_EMPTY_BODY = YES;
				CLANG_WARN_ENUM_CONVERSION = YES;
				CLANG_WARN_INFINITE_RECURSION = YES;
				CLANG_WARN_INT_CONVERSION = YES;
				CLANG_WARN_NON_LITERAL_NULL_CONVERSION = YES;
				CLANG_WARN_OBJC_IMPLICIT_RETAIN_SELF = YES;
				CLANG_WARN_OBJC_LITERAL_CONVERSION = YES;
				CLANG_WARN_OBJC_ROOT_CLASS = YES_ERROR;
				CLANG_WARN_RANGE_LOOP_ANALYSIS = YES;
				CLANG_WARN_STRICT_PROTOTYPES = YES;
				CLANG_WARN_SUSPICIOUS_MOVE = YES;
				CLANG_WARN_UNGUARDED_AVAILABILITY = YES_AGGRESSIVE;
				CLANG_WARN_UNREACHABLE_CODE = YES;
				CLANG_WARN__DUPLICATE_METHOD_MATCH = YES;
				COPY_PHASE_STRIP = NO;
				DEBUG_INFORMATION_FORMAT = "dwarf-with-dsym";
				ENABLE_NS_ASSERTIONS = NO;
				ENABLE_STRICT_OBJC_MSGSEND = YES;
				GCC_C_LANGUAGE_STANDARD = gnu11;
				GCC_NO_COMMON_BLOCKS = YES;
				GCC_WARN_64_TO_32_BIT_CONVERSION = YES;
				GCC_WARN_ABOUT_RETURN_TYPE = YES_ERROR;
				GCC_WARN_UNDECLARED_SELECTOR = YES;
				GCC_WARN_UNINITIALIZED_AUTOS = YES_AGGRESSIVE;
				GCC_WARN_UNUSED_FUNCTION = YES;
				GCC_WARN_UNUSED_VARIABLE = YES;
				MACOSX_DEPLOYMENT_TARGET = 10.15;
				MTL_ENABLE_DEBUG_INFO = NO;
				MTL_FAST_MATH = YES;
				SDKROOT = macosx;
			};
			name = Release;
		};
		4F2B07FD24CA778D0028286E /* Debug */ = {
			isa = XCBuildConfiguration;
			buildSettings = {
				CODE_SIGN_STYLE = Automatic;
				DEVELOPMENT_TEAM = 79YNH6CFRS;
				ENABLE_HARDENED_RUNTIME = YES;
				MACOSX_DEPLOYMENT_TARGET = 10.10;
				OTHER_LDFLAGS = "-ObjC";
				PRODUCT_BUNDLE_IDENTIFIER = com.delims.getswagger;
				PRODUCT_NAME = "$(TARGET_NAME)";
			};
			name = Debug;
		};
		4F2B07FE24CA778D0028286E /* Release */ = {
			isa = XCBuildConfiguration;
			buildSettings = {
				CODE_SIGN_STYLE = Automatic;
				DEVELOPMENT_TEAM = 79YNH6CFRS;
				ENABLE_HARDENED_RUNTIME = YES;
				MACOSX_DEPLOYMENT_TARGET = 10.10;
				OTHER_LDFLAGS = "-ObjC";
				PRODUCT_BUNDLE_IDENTIFIER = com.delims.getswagger;
				PRODUCT_NAME = "$(TARGET_NAME)";
			};
			name = Release;
		};
/* End XCBuildConfiguration section */

/* Begin XCConfigurationList section */
		4F2B07F024CA778D0028286E /* Build configuration list for PBXProject "GetSwagger" */ = {
			isa = XCConfigurationList;
			buildConfigurations = (
				4F2B07FA24CA778D0028286E /* Debug */,
				4F2B07FB24CA778D0028286E /* Release */,
			);
			defaultConfigurationIsVisible = 0;
			defaultConfigurationName = Release;
		};
		4F2B07FC24CA778D0028286E /* Build configuration list for PBXNativeTarget "GetSwagger" */ = {
			isa = XCConfigurationList;
			buildConfigurations = (
				4F2B07FD24CA778D0028286E /* Debug */,
				4F2B07FE24CA778D0028286E /* Release */,
			);
			defaultConfigurationIsVisible = 0;
			defaultConfigurationName = Release;
		};
/* End XCConfigurationList section */
	};
	rootObject = 4F2B07ED24CA778D0028286E /* Project object */;
}
